// !$*UTF8*$!
{
	archiveVersion = 1;
	classes = {
	};
	objectVersion = 46;
	objects = {

/* Begin PBXBuildFile section */
		2B04D8091BC033F7001C9A65 /* LoginController.swift in Sources */ = {isa = PBXBuildFile; fileRef = 2B04D8081BC033F7001C9A65 /* LoginController.swift */; };
		2BA2FC221BE55D1900160E11 /* DetailViewController.swift in Sources */ = {isa = PBXBuildFile; fileRef = 2BA2FC211BE55D1900160E11 /* DetailViewController.swift */; };
		2BC8E0D11BD2C60B00B7EF6C /* viewStateManager.swift in Sources */ = {isa = PBXBuildFile; fileRef = 2BE06EAA1BD2BB7D0065FD0C /* viewStateManager.swift */; };
		2BCE94381BC0703000F32722 /* WorkController.swift in Sources */ = {isa = PBXBuildFile; fileRef = 2BCE94371BC0703000F32722 /* WorkController.swift */; };
		2BCE943B1BC0A89A00F32722 /* menuController.swift in Sources */ = {isa = PBXBuildFile; fileRef = 2BCE943A1BC0A89A00F32722 /* menuController.swift */; };
		2BD389191B9BA4F1008A0A48 /* AppDelegate.swift in Sources */ = {isa = PBXBuildFile; fileRef = 2BD389181B9BA4F1008A0A48 /* AppDelegate.swift */; };
		2BD3891B1B9BA4F1008A0A48 /* ViewController.swift in Sources */ = {isa = PBXBuildFile; fileRef = 2BD3891A1B9BA4F1008A0A48 /* ViewController.swift */; };
		2BD3891E1B9BA4F1008A0A48 /* Main.storyboard in Resources */ = {isa = PBXBuildFile; fileRef = 2BD3891C1B9BA4F1008A0A48 /* Main.storyboard */; };
		2BD389201B9BA4F1008A0A48 /* Images.xcassets in Resources */ = {isa = PBXBuildFile; fileRef = 2BD3891F1B9BA4F1008A0A48 /* Images.xcassets */; };
		2BD389231B9BA4F1008A0A48 /* LaunchScreen.xib in Resources */ = {isa = PBXBuildFile; fileRef = 2BD389211B9BA4F1008A0A48 /* LaunchScreen.xib */; };
		2BD3892F1B9BA4F2008A0A48 /* TFSTests.swift in Sources */ = {isa = PBXBuildFile; fileRef = 2BD3892E1B9BA4F2008A0A48 /* TFSTests.swift */; };
		2BDC480B1BAFB44D003F2C04 /* RestApiManager.swift in Sources */ = {isa = PBXBuildFile; fileRef = 2BDC480A1BAFB44D003F2C04 /* RestApiManager.swift */; };
		2BE06EAB1BD2BB7D0065FD0C /* viewStateManager.swift in Sources */ = {isa = PBXBuildFile; fileRef = 2BE06EAA1BD2BB7D0065FD0C /* viewStateManager.swift */; };
		2BEBF7E41BD2D53600AFEF5A /* SprintViewController.swift in Sources */ = {isa = PBXBuildFile; fileRef = 2BEBF7E31BD2D53600AFEF5A /* SprintViewController.swift */; };
		326629781BF80EBB003D7CA2 /* collectionIcon.png in Resources */ = {isa = PBXBuildFile; fileRef = 326629761BF80EBB003D7CA2 /* collectionIcon.png */; };
		326629791BF80EBB003D7CA2 /* projectIcon.png in Resources */ = {isa = PBXBuildFile; fileRef = 326629771BF80EBB003D7CA2 /* projectIcon.png */; };
		3266297D1BF817FA003D7CA2 /* WorkItemCellModel.swift in Sources */ = {isa = PBXBuildFile; fileRef = 3266297C1BF817FA003D7CA2 /* WorkItemCellModel.swift */; };
		326629851BF86579003D7CA2 /* vsicon2.png in Resources */ = {isa = PBXBuildFile; fileRef = 326629841BF86579003D7CA2 /* vsicon2.png */; };
		326629871BF86A29003D7CA2 /* vsLoginIcon.png in Resources */ = {isa = PBXBuildFile; fileRef = 326629861BF86A29003D7CA2 /* vsLoginIcon.png */; };
		326629891BF86F88003D7CA2 /* vso.png in Resources */ = {isa = PBXBuildFile; fileRef = 326629881BF86F88003D7CA2 /* vso.png */; };
		38A496A21BC0847800637CF6 /* KeychainWrapper.swift in Sources */ = {isa = PBXBuildFile; fileRef = 38A496A11BC0847800637CF6 /* KeychainWrapper.swift */; };
		38A496A31BC0847800637CF6 /* KeychainWrapper.swift in Sources */ = {isa = PBXBuildFile; fileRef = 38A496A11BC0847800637CF6 /* KeychainWrapper.swift */; };
		3F04901D1B9D015E00677A47 /* SWRevealViewController.m in Sources */ = {isa = PBXBuildFile; fileRef = 3F04901C1B9D015E00677A47 /* SWRevealViewController.m */; };
		AC76679423FEAF29AE78F1C3 /* Pods.framework in Frameworks */ = {isa = PBXBuildFile; fileRef = 2473D57791FF230608CD470E /* Pods.framework */; };
		CD93FC9D1BAFBC4F009D13BF /* RestApiManager.swift in Sources */ = {isa = PBXBuildFile; fileRef = 2BDC480A1BAFB44D003F2C04 /* RestApiManager.swift */; };
		CD93FCA21BAFCD7C009D13BF /* RestApiManagerTest.swift in Sources */ = {isa = PBXBuildFile; fileRef = CD93FCA11BAFCD7C009D13BF /* RestApiManagerTest.swift */; };
/* End PBXBuildFile section */

/* Begin PBXContainerItemProxy section */
		2BD389291B9BA4F2008A0A48 /* PBXContainerItemProxy */ = {
			isa = PBXContainerItemProxy;
			containerPortal = 2BD3890B1B9BA4F1008A0A48 /* Project object */;
			proxyType = 1;
			remoteGlobalIDString = 2BD389121B9BA4F1008A0A48;
			remoteInfo = TFS;
		};
/* End PBXContainerItemProxy section */

/* Begin PBXFileReference section */
		033AFAAF83FA08C5B06301CE /* Pods.debug.xcconfig */ = {isa = PBXFileReference; includeInIndex = 1; lastKnownFileType = text.xcconfig; name = Pods.debug.xcconfig; path = "Pods/Target Support Files/Pods/Pods.debug.xcconfig"; sourceTree = "<group>"; };
		2473D57791FF230608CD470E /* Pods.framework */ = {isa = PBXFileReference; explicitFileType = wrapper.framework; includeInIndex = 0; path = Pods.framework; sourceTree = BUILT_PRODUCTS_DIR; };
		2B04D8081BC033F7001C9A65 /* LoginController.swift */ = {isa = PBXFileReference; fileEncoding = 4; lastKnownFileType = sourcecode.swift; path = LoginController.swift; sourceTree = "<group>"; };
		2BA2FC211BE55D1900160E11 /* DetailViewController.swift */ = {isa = PBXFileReference; fileEncoding = 4; lastKnownFileType = sourcecode.swift; path = DetailViewController.swift; sourceTree = "<group>"; };
		2BCE94371BC0703000F32722 /* WorkController.swift */ = {isa = PBXFileReference; fileEncoding = 4; lastKnownFileType = sourcecode.swift; path = WorkController.swift; sourceTree = "<group>"; };
		2BCE943A1BC0A89A00F32722 /* menuController.swift */ = {isa = PBXFileReference; fileEncoding = 4; lastKnownFileType = sourcecode.swift; path = menuController.swift; sourceTree = "<group>"; };
		2BD389131B9BA4F1008A0A48 /* TFS.app */ = {isa = PBXFileReference; explicitFileType = wrapper.application; includeInIndex = 0; path = TFS.app; sourceTree = BUILT_PRODUCTS_DIR; };
		2BD389171B9BA4F1008A0A48 /* Info.plist */ = {isa = PBXFileReference; lastKnownFileType = text.plist.xml; path = Info.plist; sourceTree = "<group>"; };
		2BD389181B9BA4F1008A0A48 /* AppDelegate.swift */ = {isa = PBXFileReference; lastKnownFileType = sourcecode.swift; path = AppDelegate.swift; sourceTree = "<group>"; };
		2BD3891A1B9BA4F1008A0A48 /* ViewController.swift */ = {isa = PBXFileReference; lastKnownFileType = sourcecode.swift; path = ViewController.swift; sourceTree = "<group>"; };
		2BD3891D1B9BA4F1008A0A48 /* Base */ = {isa = PBXFileReference; lastKnownFileType = file.storyboard; name = Base; path = Base.lproj/Main.storyboard; sourceTree = "<group>"; };
		2BD3891F1B9BA4F1008A0A48 /* Images.xcassets */ = {isa = PBXFileReference; lastKnownFileType = folder.assetcatalog; path = Images.xcassets; sourceTree = "<group>"; };
		2BD389221B9BA4F1008A0A48 /* Base */ = {isa = PBXFileReference; lastKnownFileType = file.xib; name = Base; path = Base.lproj/LaunchScreen.xib; sourceTree = "<group>"; };
		2BD389281B9BA4F2008A0A48 /* TFSTests.xctest */ = {isa = PBXFileReference; explicitFileType = wrapper.cfbundle; includeInIndex = 0; path = TFSTests.xctest; sourceTree = BUILT_PRODUCTS_DIR; };
		2BD3892D1B9BA4F2008A0A48 /* Info.plist */ = {isa = PBXFileReference; lastKnownFileType = text.plist.xml; path = Info.plist; sourceTree = "<group>"; };
		2BD3892E1B9BA4F2008A0A48 /* TFSTests.swift */ = {isa = PBXFileReference; lastKnownFileType = sourcecode.swift; path = TFSTests.swift; sourceTree = "<group>"; };
		2BDC480A1BAFB44D003F2C04 /* RestApiManager.swift */ = {isa = PBXFileReference; fileEncoding = 4; lastKnownFileType = sourcecode.swift; path = RestApiManager.swift; sourceTree = "<group>"; };
		2BE06EAA1BD2BB7D0065FD0C /* viewStateManager.swift */ = {isa = PBXFileReference; fileEncoding = 4; lastKnownFileType = sourcecode.swift; path = viewStateManager.swift; sourceTree = "<group>"; };
		2BEBF7E31BD2D53600AFEF5A /* SprintViewController.swift */ = {isa = PBXFileReference; fileEncoding = 4; lastKnownFileType = sourcecode.swift; path = SprintViewController.swift; sourceTree = "<group>"; };
		326629761BF80EBB003D7CA2 /* collectionIcon.png */ = {isa = PBXFileReference; lastKnownFileType = image.png; path = collectionIcon.png; sourceTree = "<group>"; };
		326629771BF80EBB003D7CA2 /* projectIcon.png */ = {isa = PBXFileReference; lastKnownFileType = image.png; path = projectIcon.png; sourceTree = "<group>"; };
		3266297C1BF817FA003D7CA2 /* WorkItemCellModel.swift */ = {isa = PBXFileReference; fileEncoding = 4; lastKnownFileType = sourcecode.swift; path = WorkItemCellModel.swift; sourceTree = "<group>"; };
		326629841BF86579003D7CA2 /* vsicon2.png */ = {isa = PBXFileReference; lastKnownFileType = image.png; path = vsicon2.png; sourceTree = "<group>"; };
		326629861BF86A29003D7CA2 /* vsLoginIcon.png */ = {isa = PBXFileReference; lastKnownFileType = image.png; path = vsLoginIcon.png; sourceTree = "<group>"; };
		326629881BF86F88003D7CA2 /* vso.png */ = {isa = PBXFileReference; lastKnownFileType = image.png; path = vso.png; sourceTree = "<group>"; };
		38A496A11BC0847800637CF6 /* KeychainWrapper.swift */ = {isa = PBXFileReference; fileEncoding = 4; lastKnownFileType = sourcecode.swift; path = KeychainWrapper.swift; sourceTree = "<group>"; };
		3F04901A1B9D015D00677A47 /* TFS-Bridging-Header.h */ = {isa = PBXFileReference; lastKnownFileType = sourcecode.c.h; path = "TFS-Bridging-Header.h"; sourceTree = "<group>"; };
		3F04901B1B9D015E00677A47 /* SWRevealViewController.h */ = {isa = PBXFileReference; fileEncoding = 4; lastKnownFileType = sourcecode.c.h; path = SWRevealViewController.h; sourceTree = "<group>"; };
		3F04901C1B9D015E00677A47 /* SWRevealViewController.m */ = {isa = PBXFileReference; fileEncoding = 4; lastKnownFileType = sourcecode.c.objc; path = SWRevealViewController.m; sourceTree = "<group>"; };
		962C7B73A7ADF2D69CA4F5A0 /* Pods.release.xcconfig */ = {isa = PBXFileReference; includeInIndex = 1; lastKnownFileType = text.xcconfig; name = Pods.release.xcconfig; path = "Pods/Target Support Files/Pods/Pods.release.xcconfig"; sourceTree = "<group>"; };
		CD93FCA11BAFCD7C009D13BF /* RestApiManagerTest.swift */ = {isa = PBXFileReference; fileEncoding = 4; lastKnownFileType = sourcecode.swift; path = RestApiManagerTest.swift; sourceTree = "<group>"; };
/* End PBXFileReference section */

/* Begin PBXFrameworksBuildPhase section */
		2BD389101B9BA4F1008A0A48 /* Frameworks */ = {
			isa = PBXFrameworksBuildPhase;
			buildActionMask = 2147483647;
			files = (
				AC76679423FEAF29AE78F1C3 /* Pods.framework in Frameworks */,
			);
			runOnlyForDeploymentPostprocessing = 0;
		};
		2BD389251B9BA4F2008A0A48 /* Frameworks */ = {
			isa = PBXFrameworksBuildPhase;
			buildActionMask = 2147483647;
			files = (
			);
			runOnlyForDeploymentPostprocessing = 0;
		};
/* End PBXFrameworksBuildPhase section */

/* Begin PBXGroup section */
		07E41F44A53E037445612209 /* Frameworks */ = {
			isa = PBXGroup;
			children = (
				2473D57791FF230608CD470E /* Pods.framework */,
			);
			name = Frameworks;
			sourceTree = "<group>";
		};
		2B04D8061BC03102001C9A65 /* Controllers */ = {
			isa = PBXGroup;
			children = (
				2BD3891A1B9BA4F1008A0A48 /* ViewController.swift */,
				2B04D8081BC033F7001C9A65 /* LoginController.swift */,
				2BCE94371BC0703000F32722 /* WorkController.swift */,
				2BCE943A1BC0A89A00F32722 /* menuController.swift */,
				2BEBF7E31BD2D53600AFEF5A /* SprintViewController.swift */,
				2BA2FC211BE55D1900160E11 /* DetailViewController.swift */,
			);
			name = Controllers;
			sourceTree = "<group>";
		};
		2B04D8071BC0310E001C9A65 /* Views */ = {
			isa = PBXGroup;
			children = (
				2BD3891C1B9BA4F1008A0A48 /* Main.storyboard */,
				2BD389211B9BA4F1008A0A48 /* LaunchScreen.xib */,
			);
			name = Views;
			sourceTree = "<group>";
		};
		2B393DCE1BD2C4F30055CA43 /* Models */ = {
			isa = PBXGroup;
			children = (
				2BE06EAA1BD2BB7D0065FD0C /* viewStateManager.swift */,
				3266297C1BF817FA003D7CA2 /* WorkItemCellModel.swift */,
			);
			name = Models;
			sourceTree = "<group>";
		};
		2BD3890A1B9BA4F1008A0A48 = {
			isa = PBXGroup;
			children = (
				2BD389151B9BA4F1008A0A48 /* TFS */,
				2BD3892B1B9BA4F2008A0A48 /* TFSTests */,
				2BD389141B9BA4F1008A0A48 /* Products */,
				83E7F60B8FD1ABAEF2BD3CA8 /* Pods */,
				07E41F44A53E037445612209 /* Frameworks */,
			);
			sourceTree = "<group>";
		};
		2BD389141B9BA4F1008A0A48 /* Products */ = {
			isa = PBXGroup;
			children = (
				2BD389131B9BA4F1008A0A48 /* TFS.app */,
				2BD389281B9BA4F2008A0A48 /* TFSTests.xctest */,
			);
			name = Products;
			sourceTree = "<group>";
		};
		2BD389151B9BA4F1008A0A48 /* TFS */ = {
			isa = PBXGroup;
			children = (
				2B393DCE1BD2C4F30055CA43 /* Models */,
				38A4969E1BC082D300637CF6 /* KeychainWrapper */,
				2BD389381B9BA66C008A0A48 /* APIWrapper */,
				2BD389181B9BA4F1008A0A48 /* AppDelegate.swift */,
				2B04D8061BC03102001C9A65 /* Controllers */,
				2B04D8071BC0310E001C9A65 /* Views */,
				2BD3891F1B9BA4F1008A0A48 /* Images.xcassets */,
				326629881BF86F88003D7CA2 /* vso.png */,
				326629861BF86A29003D7CA2 /* vsLoginIcon.png */,
				326629841BF86579003D7CA2 /* vsicon2.png */,
				326629761BF80EBB003D7CA2 /* collectionIcon.png */,
				326629771BF80EBB003D7CA2 /* projectIcon.png */,
				2BD389161B9BA4F1008A0A48 /* Supporting Files */,
			);
			path = TFS;
			sourceTree = "<group>";
		};
		2BD389161B9BA4F1008A0A48 /* Supporting Files */ = {
			isa = PBXGroup;
			children = (
				3F04901B1B9D015E00677A47 /* SWRevealViewController.h */,
				3F04901C1B9D015E00677A47 /* SWRevealViewController.m */,
				2BD389171B9BA4F1008A0A48 /* Info.plist */,
				3F04901A1B9D015D00677A47 /* TFS-Bridging-Header.h */,
			);
			name = "Supporting Files";
			sourceTree = "<group>";
		};
		2BD3892B1B9BA4F2008A0A48 /* TFSTests */ = {
			isa = PBXGroup;
			children = (
				CD93FC9E1BAFBD65009D13BF /* APIWrapper */,
				2BD3892E1B9BA4F2008A0A48 /* TFSTests.swift */,
				2BD3892C1B9BA4F2008A0A48 /* Supporting Files */,
			);
			path = TFSTests;
			sourceTree = "<group>";
		};
		2BD3892C1B9BA4F2008A0A48 /* Supporting Files */ = {
			isa = PBXGroup;
			children = (
				2BD3892D1B9BA4F2008A0A48 /* Info.plist */,
			);
			name = "Supporting Files";
			sourceTree = "<group>";
		};
		2BD389381B9BA66C008A0A48 /* APIWrapper */ = {
			isa = PBXGroup;
			children = (
				2BDC480A1BAFB44D003F2C04 /* RestApiManager.swift */,
			);
			name = APIWrapper;
			sourceTree = "<group>";
		};
		38A4969E1BC082D300637CF6 /* KeychainWrapper */ = {
			isa = PBXGroup;
			children = (
				38A496A11BC0847800637CF6 /* KeychainWrapper.swift */,
			);
			name = KeychainWrapper;
			sourceTree = "<group>";
		};
		83E7F60B8FD1ABAEF2BD3CA8 /* Pods */ = {
			isa = PBXGroup;
			children = (
				033AFAAF83FA08C5B06301CE /* Pods.debug.xcconfig */,
				962C7B73A7ADF2D69CA4F5A0 /* Pods.release.xcconfig */,
			);
			name = Pods;
			sourceTree = "<group>";
		};
		CD93FC9E1BAFBD65009D13BF /* APIWrapper */ = {
			isa = PBXGroup;
			children = (
				CD93FCA11BAFCD7C009D13BF /* RestApiManagerTest.swift */,
			);
			path = APIWrapper;
			sourceTree = "<group>";
		};
/* End PBXGroup section */

/* Begin PBXNativeTarget section */
		2BD389121B9BA4F1008A0A48 /* TFS */ = {
			isa = PBXNativeTarget;
			buildConfigurationList = 2BD389321B9BA4F2008A0A48 /* Build configuration list for PBXNativeTarget "TFS" */;
			buildPhases = (
				D8293E3EDA1D631BF026E43F /* Check Pods Manifest.lock */,
				2BD3890F1B9BA4F1008A0A48 /* Sources */,
				2BD389101B9BA4F1008A0A48 /* Frameworks */,
				2BD389111B9BA4F1008A0A48 /* Resources */,
				53F7527FDA5D67F52757D683 /* Embed Pods Frameworks */,
				305A2761597B759263732AB9 /* Copy Pods Resources */,
			);
			buildRules = (
			);
			dependencies = (
			);
			name = TFS;
			productName = TFS;
			productReference = 2BD389131B9BA4F1008A0A48 /* TFS.app */;
			productType = "com.apple.product-type.application";
		};
		2BD389271B9BA4F2008A0A48 /* TFSTests */ = {
			isa = PBXNativeTarget;
			buildConfigurationList = 2BD389351B9BA4F2008A0A48 /* Build configuration list for PBXNativeTarget "TFSTests" */;
			buildPhases = (
				2BD389241B9BA4F2008A0A48 /* Sources */,
				2BD389251B9BA4F2008A0A48 /* Frameworks */,
				2BD389261B9BA4F2008A0A48 /* Resources */,
			);
			buildRules = (
			);
			dependencies = (
				2BD3892A1B9BA4F2008A0A48 /* PBXTargetDependency */,
			);
			name = TFSTests;
			productName = TFSTests;
			productReference = 2BD389281B9BA4F2008A0A48 /* TFSTests.xctest */;
			productType = "com.apple.product-type.bundle.unit-test";
		};
/* End PBXNativeTarget section */

/* Begin PBXProject section */
		2BD3890B1B9BA4F1008A0A48 /* Project object */ = {
			isa = PBXProject;
			attributes = {
				LastUpgradeCheck = 0630;
				ORGANIZATIONNAME = "Fidel Esteban Morales Cifuentes";
				TargetAttributes = {
					2BD389121B9BA4F1008A0A48 = {
						CreatedOnToolsVersion = 6.3;
						DevelopmentTeam = 52G36WEG2T;
					};
					2BD389271B9BA4F2008A0A48 = {
						CreatedOnToolsVersion = 6.3;
						TestTargetID = 2BD389121B9BA4F1008A0A48;
					};
				};
			};
			buildConfigurationList = 2BD3890E1B9BA4F1008A0A48 /* Build configuration list for PBXProject "TFS" */;
			compatibilityVersion = "Xcode 3.2";
			developmentRegion = English;
			hasScannedForEncodings = 0;
			knownRegions = (
				en,
				Base,
			);
			mainGroup = 2BD3890A1B9BA4F1008A0A48;
			productRefGroup = 2BD389141B9BA4F1008A0A48 /* Products */;
			projectDirPath = "";
			projectRoot = "";
			targets = (
				2BD389121B9BA4F1008A0A48 /* TFS */,
				2BD389271B9BA4F2008A0A48 /* TFSTests */,
			);
		};
/* End PBXProject section */

/* Begin PBXResourcesBuildPhase section */
		2BD389111B9BA4F1008A0A48 /* Resources */ = {
			isa = PBXResourcesBuildPhase;
			buildActionMask = 2147483647;
			files = (
				326629871BF86A29003D7CA2 /* vsLoginIcon.png in Resources */,
				2BD3891E1B9BA4F1008A0A48 /* Main.storyboard in Resources */,
				326629891BF86F88003D7CA2 /* vso.png in Resources */,
				2BD389231B9BA4F1008A0A48 /* LaunchScreen.xib in Resources */,
				326629851BF86579003D7CA2 /* vsicon2.png in Resources */,
				326629791BF80EBB003D7CA2 /* projectIcon.png in Resources */,
				326629781BF80EBB003D7CA2 /* collectionIcon.png in Resources */,
				2BD389201B9BA4F1008A0A48 /* Images.xcassets in Resources */,
			);
			runOnlyForDeploymentPostprocessing = 0;
		};
		2BD389261B9BA4F2008A0A48 /* Resources */ = {
			isa = PBXResourcesBuildPhase;
			buildActionMask = 2147483647;
			files = (
			);
			runOnlyForDeploymentPostprocessing = 0;
		};
/* End PBXResourcesBuildPhase section */

/* Begin PBXShellScriptBuildPhase section */
		305A2761597B759263732AB9 /* Copy Pods Resources */ = {
			isa = PBXShellScriptBuildPhase;
			buildActionMask = 2147483647;
			files = (
			);
			inputPaths = (
			);
			name = "Copy Pods Resources";
			outputPaths = (
			);
			runOnlyForDeploymentPostprocessing = 0;
			shellPath = /bin/sh;
			shellScript = "\"${SRCROOT}/Pods/Target Support Files/Pods/Pods-resources.sh\"\n";
			showEnvVarsInLog = 0;
		};
		53F7527FDA5D67F52757D683 /* Embed Pods Frameworks */ = {
			isa = PBXShellScriptBuildPhase;
			buildActionMask = 2147483647;
			files = (
			);
			inputPaths = (
			);
			name = "Embed Pods Frameworks";
			outputPaths = (
			);
			runOnlyForDeploymentPostprocessing = 0;
			shellPath = /bin/sh;
			shellScript = "\"${SRCROOT}/Pods/Target Support Files/Pods/Pods-frameworks.sh\"\n";
			showEnvVarsInLog = 0;
		};
		D8293E3EDA1D631BF026E43F /* Check Pods Manifest.lock */ = {
			isa = PBXShellScriptBuildPhase;
			buildActionMask = 2147483647;
			files = (
			);
			inputPaths = (
			);
			name = "Check Pods Manifest.lock";
			outputPaths = (
			);
			runOnlyForDeploymentPostprocessing = 0;
			shellPath = /bin/sh;
			shellScript = "diff \"${PODS_ROOT}/../Podfile.lock\" \"${PODS_ROOT}/Manifest.lock\" > /dev/null\nif [[ $? != 0 ]] ; then\n    cat << EOM\nerror: The sandbox is not in sync with the Podfile.lock. Run 'pod install' or update your CocoaPods installation.\nEOM\n    exit 1\nfi\n";
			showEnvVarsInLog = 0;
		};
/* End PBXShellScriptBuildPhase section */

/* Begin PBXSourcesBuildPhase section */
		2BD3890F1B9BA4F1008A0A48 /* Sources */ = {
			isa = PBXSourcesBuildPhase;
			buildActionMask = 2147483647;
			files = (
				2BCE943B1BC0A89A00F32722 /* menuController.swift in Sources */,
				3266297D1BF817FA003D7CA2 /* WorkItemCellModel.swift in Sources */,
				38A496A21BC0847800637CF6 /* KeychainWrapper.swift in Sources */,
				2BDC480B1BAFB44D003F2C04 /* RestApiManager.swift in Sources */,
				2BE06EAB1BD2BB7D0065FD0C /* viewStateManager.swift in Sources */,
				2BD3891B1B9BA4F1008A0A48 /* ViewController.swift in Sources */,
				2BD389191B9BA4F1008A0A48 /* AppDelegate.swift in Sources */,
				2BA2FC221BE55D1900160E11 /* DetailViewController.swift in Sources */,
				3F04901D1B9D015E00677A47 /* SWRevealViewController.m in Sources */,
				2BCE94381BC0703000F32722 /* WorkController.swift in Sources */,
				2BEBF7E41BD2D53600AFEF5A /* SprintViewController.swift in Sources */,
				2B04D8091BC033F7001C9A65 /* LoginController.swift in Sources */,
			);
			runOnlyForDeploymentPostprocessing = 0;
		};
		2BD389241B9BA4F2008A0A48 /* Sources */ = {
			isa = PBXSourcesBuildPhase;
			buildActionMask = 2147483647;
			files = (
				CD93FC9D1BAFBC4F009D13BF /* RestApiManager.swift in Sources */,
				CD93FCA21BAFCD7C009D13BF /* RestApiManagerTest.swift in Sources */,
				38A496A31BC0847800637CF6 /* KeychainWrapper.swift in Sources */,
				2BD3892F1B9BA4F2008A0A48 /* TFSTests.swift in Sources */,
				2BC8E0D11BD2C60B00B7EF6C /* viewStateManager.swift in Sources */,
			);
			runOnlyForDeploymentPostprocessing = 0;
		};
/* End PBXSourcesBuildPhase section */

/* Begin PBXTargetDependency section */
		2BD3892A1B9BA4F2008A0A48 /* PBXTargetDependency */ = {
			isa = PBXTargetDependency;
			target = 2BD389121B9BA4F1008A0A48 /* TFS */;
			targetProxy = 2BD389291B9BA4F2008A0A48 /* PBXContainerItemProxy */;
		};
/* End PBXTargetDependency section */

/* Begin PBXVariantGroup section */
		2BD3891C1B9BA4F1008A0A48 /* Main.storyboard */ = {
			isa = PBXVariantGroup;
			children = (
				2BD3891D1B9BA4F1008A0A48 /* Base */,
			);
			name = Main.storyboard;
			sourceTree = "<group>";
		};
		2BD389211B9BA4F1008A0A48 /* LaunchScreen.xib */ = {
			isa = PBXVariantGroup;
			children = (
				2BD389221B9BA4F1008A0A48 /* Base */,
			);
			name = LaunchScreen.xib;
			sourceTree = "<group>";
		};
/* End PBXVariantGroup section */

/* Begin XCBuildConfiguration section */
		2BD389301B9BA4F2008A0A48 /* Debug */ = {
			isa = XCBuildConfiguration;
			buildSettings = {
				ALWAYS_SEARCH_USER_PATHS = NO;
				CLANG_CXX_LANGUAGE_STANDARD = "gnu++0x";
				CLANG_CXX_LIBRARY = "libc++";
				CLANG_ENABLE_MODULES = YES;
				CLANG_ENABLE_OBJC_ARC = YES;
				CLANG_WARN_BOOL_CONVERSION = YES;
				CLANG_WARN_CONSTANT_CONVERSION = YES;
				CLANG_WARN_DIRECT_OBJC_ISA_USAGE = YES_ERROR;
				CLANG_WARN_EMPTY_BODY = YES;
				CLANG_WARN_ENUM_CONVERSION = YES;
				CLANG_WARN_INT_CONVERSION = YES;
				CLANG_WARN_OBJC_ROOT_CLASS = YES_ERROR;
				CLANG_WARN_UNREACHABLE_CODE = YES;
				CLANG_WARN__DUPLICATE_METHOD_MATCH = YES;
				"CODE_SIGN_IDENTITY[sdk=iphoneos*]" = "iPhone Developer";
				COPY_PHASE_STRIP = NO;
				DEBUG_INFORMATION_FORMAT = "dwarf-with-dsym";
				ENABLE_STRICT_OBJC_MSGSEND = YES;
				GCC_C_LANGUAGE_STANDARD = gnu99;
				GCC_DYNAMIC_NO_PIC = NO;
				GCC_NO_COMMON_BLOCKS = YES;
				GCC_OPTIMIZATION_LEVEL = 0;
				GCC_PREPROCESSOR_DEFINITIONS = (
					"DEBUG=1",
					"$(inherited)",
				);
				GCC_SYMBOLS_PRIVATE_EXTERN = NO;
				GCC_WARN_64_TO_32_BIT_CONVERSION = YES;
				GCC_WARN_ABOUT_RETURN_TYPE = YES_ERROR;
				GCC_WARN_UNDECLARED_SELECTOR = YES;
				GCC_WARN_UNINITIALIZED_AUTOS = YES_AGGRESSIVE;
				GCC_WARN_UNUSED_FUNCTION = YES;
				GCC_WARN_UNUSED_VARIABLE = YES;
				IPHONEOS_DEPLOYMENT_TARGET = 8.3;
				MTL_ENABLE_DEBUG_INFO = YES;
				ONLY_ACTIVE_ARCH = YES;
				SDKROOT = iphoneos;
				SWIFT_OPTIMIZATION_LEVEL = "-Onone";
				TARGETED_DEVICE_FAMILY = 2;
			};
			name = Debug;
		};
		2BD389311B9BA4F2008A0A48 /* Release */ = {
			isa = XCBuildConfiguration;
			buildSettings = {
				ALWAYS_SEARCH_USER_PATHS = NO;
				CLANG_CXX_LANGUAGE_STANDARD = "gnu++0x";
				CLANG_CXX_LIBRARY = "libc++";
				CLANG_ENABLE_MODULES = YES;
				CLANG_ENABLE_OBJC_ARC = YES;
				CLANG_WARN_BOOL_CONVERSION = YES;
				CLANG_WARN_CONSTANT_CONVERSION = YES;
				CLANG_WARN_DIRECT_OBJC_ISA_USAGE = YES_ERROR;
				CLANG_WARN_EMPTY_BODY = YES;
				CLANG_WARN_ENUM_CONVERSION = YES;
				CLANG_WARN_INT_CONVERSION = YES;
				CLANG_WARN_OBJC_ROOT_CLASS = YES_ERROR;
				CLANG_WARN_UNREACHABLE_CODE = YES;
				CLANG_WARN__DUPLICATE_METHOD_MATCH = YES;
				"CODE_SIGN_IDENTITY[sdk=iphoneos*]" = "iPhone Developer";
				COPY_PHASE_STRIP = NO;
				DEBUG_INFORMATION_FORMAT = "dwarf-with-dsym";
				ENABLE_NS_ASSERTIONS = NO;
				ENABLE_STRICT_OBJC_MSGSEND = YES;
				GCC_C_LANGUAGE_STANDARD = gnu99;
				GCC_NO_COMMON_BLOCKS = YES;
				GCC_WARN_64_TO_32_BIT_CONVERSION = YES;
				GCC_WARN_ABOUT_RETURN_TYPE = YES_ERROR;
				GCC_WARN_UNDECLARED_SELECTOR = YES;
				GCC_WARN_UNINITIALIZED_AUTOS = YES_AGGRESSIVE;
				GCC_WARN_UNUSED_FUNCTION = YES;
				GCC_WARN_UNUSED_VARIABLE = YES;
				IPHONEOS_DEPLOYMENT_TARGET = 8.3;
				MTL_ENABLE_DEBUG_INFO = NO;
				SDKROOT = iphoneos;
				TARGETED_DEVICE_FAMILY = 2;
				VALIDATE_PRODUCT = YES;
			};
			name = Release;
		};
		2BD389331B9BA4F2008A0A48 /* Debug */ = {
			isa = XCBuildConfiguration;
			baseConfigurationReference = 033AFAAF83FA08C5B06301CE /* Pods.debug.xcconfig */;
			buildSettings = {
				ASSETCATALOG_COMPILER_APPICON_NAME = "AppIcon-1";
				CLANG_ENABLE_MODULES = YES;
				CODE_SIGN_IDENTITY = "iPhone Developer";
				"CODE_SIGN_IDENTITY[sdk=iphoneos*]" = "iPhone Developer";
				INFOPLIST_FILE = TFS/Info.plist;
				LD_RUNPATH_SEARCH_PATHS = "$(inherited) @executable_path/Frameworks";
				PRODUCT_NAME = "$(TARGET_NAME)";
				PROVISIONING_PROFILE = "";
				SWIFT_OBJC_BRIDGING_HEADER = "TFS/TFS-Bridging-Header.h";
				SWIFT_OPTIMIZATION_LEVEL = "-Onone";
				TARGETED_DEVICE_FAMILY = 2;
			};
			name = Debug;
		};
		2BD389341B9BA4F2008A0A48 /* Release */ = {
			isa = XCBuildConfiguration;
			baseConfigurationReference = 962C7B73A7ADF2D69CA4F5A0 /* Pods.release.xcconfig */;
			buildSettings = {
				ASSETCATALOG_COMPILER_APPICON_NAME = "AppIcon-1";
				CLANG_ENABLE_MODULES = YES;
				CODE_SIGN_IDENTITY = "iPhone Developer";
				"CODE_SIGN_IDENTITY[sdk=iphoneos*]" = "iPhone Developer";
				INFOPLIST_FILE = TFS/Info.plist;
				LD_RUNPATH_SEARCH_PATHS = "$(inherited) @executable_path/Frameworks";
				PRODUCT_NAME = "$(TARGET_NAME)";
				PROVISIONING_PROFILE = "";
				SWIFT_OBJC_BRIDGING_HEADER = "TFS/TFS-Bridging-Header.h";
				TARGETED_DEVICE_FAMILY = 2;
			};
			name = Release;
		};
		2BD389361B9BA4F2008A0A48 /* Debug */ = {
			isa = XCBuildConfiguration;
			buildSettings = {
				BUNDLE_LOADER = "$(TEST_HOST)";
				FRAMEWORK_SEARCH_PATHS = (
					"$(SDKROOT)/Developer/Library/Frameworks",
					"$(inherited)",
				);
				GCC_PREPROCESSOR_DEFINITIONS = (
					"DEBUG=1",
					"$(inherited)",
				);
				INFOPLIST_FILE = TFSTests/Info.plist;
				LD_RUNPATH_SEARCH_PATHS = "$(inherited) @executable_path/Frameworks @loader_path/Frameworks";
				PRODUCT_NAME = "$(TARGET_NAME)";
				TEST_HOST = "$(BUILT_PRODUCTS_DIR)/TFS.app/TFS";
			};
			name = Debug;
		};
		2BD389371B9BA4F2008A0A48 /* Release */ = {
			isa = XCBuildConfiguration;
			buildSettings = {
				BUNDLE_LOADER = "$(TEST_HOST)";
				FRAMEWORK_SEARCH_PATHS = (
					"$(SDKROOT)/Developer/Library/Frameworks",
					"$(inherited)",
				);
				INFOPLIST_FILE = TFSTests/Info.plist;
				LD_RUNPATH_SEARCH_PATHS = "$(inherited) @executable_path/Frameworks @loader_path/Frameworks";
				PRODUCT_NAME = "$(TARGET_NAME)";
				TEST_HOST = "$(BUILT_PRODUCTS_DIR)/TFS.app/TFS";
			};
			name = Release;
		};
/* End XCBuildConfiguration section */

/* Begin XCConfigurationList section */
		2BD3890E1B9BA4F1008A0A48 /* Build configuration list for PBXProject "TFS" */ = {
			isa = XCConfigurationList;
			buildConfigurations = (
				2BD389301B9BA4F2008A0A48 /* Debug */,
				2BD389311B9BA4F2008A0A48 /* Release */,
			);
			defaultConfigurationIsVisible = 0;
			defaultConfigurationName = Release;
		};
		2BD389321B9BA4F2008A0A48 /* Build configuration list for PBXNativeTarget "TFS" */ = {
			isa = XCConfigurationList;
			buildConfigurations = (
				2BD389331B9BA4F2008A0A48 /* Debug */,
				2BD389341B9BA4F2008A0A48 /* Release */,
			);
			defaultConfigurationIsVisible = 0;
			defaultConfigurationName = Release;
		};
		2BD389351B9BA4F2008A0A48 /* Build configuration list for PBXNativeTarget "TFSTests" */ = {
			isa = XCConfigurationList;
			buildConfigurations = (
				2BD389361B9BA4F2008A0A48 /* Debug */,
				2BD389371B9BA4F2008A0A48 /* Release */,
			);
			defaultConfigurationIsVisible = 0;
			defaultConfigurationName = Release;
		};
/* End XCConfigurationList section */
	};
	rootObject = 2BD3890B1B9BA4F1008A0A48 /* Project object */;
}
