PODS:
  - MBProgressHUD (0.9.1)
  - SwiftHTTP (0.9.5)
  - SwiftyJSON (2.2.1)

DEPENDENCIES:
  - MBProgressHUD (~> 0.9.1)
  - SwiftHTTP (~> 0.9.4)
  - SwiftyJSON (~> 2.2.1)

SPEC CHECKSUMS:
  MBProgressHUD: c47f2c166c126cf2ce36498d80f33e754d4e93ad
  SwiftHTTP: cd7b248bc07db02926ff54cf19b580b78f7abfa1
  SwiftyJSON: ae2d0a3d68025d136602a33c4ee215091ced3e33

COCOAPODS: 0.39.0
